
Microsoft Visual Studio Solution File, Format Version 12.00
# Visual Studio Version 17
VisualStudioVersion = 17.14.36616.10
MinimumVisualStudioVersion = 10.0.40219.1
Project("{2150E333-8FDC-42A3-9474-1A3956D46DE8}") = "Busqueda-Lineal", "Busqueda-Lineal", "{02EA681E-C7D8-13C7-8484-4AC65E1B71E8}"
EndProject
Project("{FAE04EC0-301F-11D3-BF4B-00C04F79EFBC}") = "Busqueda-Lineal", "Busqueda-Lineal\Busqueda-Lineal.csproj", "{C04A7FC4-0F1B-4DFA-9FD0-1A6DD46C6B69}"
EndProject
Project("{2150E333-8FDC-42A3-9474-1A3956D46DE8}") = "Busqueda-Binaria", "Busqueda-Binaria", "{F1FB133F-E8FD-4387-A611-AC1EEBD8E9BA}"
EndProject
Project("{FAE04EC0-301F-11D3-BF4B-00C04F79EFBC}") = "Busqueda-Binaria", "Busqueda-Binaria\Busqueda-Binaria.csproj", "{33100034-CFB3-4686-AC41-A686E705544F}"
EndProject
Project("{2150E333-8FDC-42A3-9474-1A3956D46DE8}") = "Busqueda-De-Texto", "Busqueda-De-Texto", "{19489AE2-12D3-4C0D-A300-7F8413BBE943}"
EndProject
Project("{FAE04EC0-301F-11D3-BF4B-00C04F79EFBC}") = "Busqueda-De-Texto", "Busqueda-De-Texto\Busqueda-De-Texto.csproj", "{6301E218-FF46-4E0B-82E0-8510E5753B07}"
EndProject
Project("{2150E333-8FDC-42A3-9474-1A3956D46DE8}") = "Busqueda-De-Objetos", "Busqueda-De-Objetos", "{53761CEE-F69A-4DBA-AD4A-99CE05E79DB1}"
EndProject
Project("{FAE04EC0-301F-11D3-BF4B-00C04F79EFBC}") = "Busqueda-De-Objetos", "Busqueda-De-Objetos\Busqueda-De-Objetos.csproj", "{6BFB0DCD-4EA9-4FB0-96AB-14DDDBCD8FF2}"
EndProject
Project("{2150E333-8FDC-42A3-9474-1A3956D46DE8}") = "Encontrar-Max-Min", "Encontrar-Max-Min", "{FF112EB5-6525-4F21-8EAC-1D8BBC0D34E3}"
EndProject
Project("{FAE04EC0-301F-11D3-BF4B-00C04F79EFBC}") = "Encontrar-Max-Min", "Encontrar-Max-Min\Encontrar-Max-Min.csproj", "{C11AF861-B6FE-495F-934B-EC2A65043CBA}"
EndProject
Project("{2150E333-8FDC-42A3-9474-1A3956D46DE8}") = "Busqueda-Matriz2D", "Busqueda-Matriz2D", "{4A4FFF51-3BE4-4435-A2E2-0D27E03811FF}"
EndProject
Project("{FAE04EC0-301F-11D3-BF4B-00C04F79EFBC}") = "Busqueda-Matriz2D", "Busqueda-Matriz2D\Busqueda-Matriz2D.csproj", "{34F53638-3446-4AB6-85BC-1D09CD646215}"
EndProject
Project("{2150E333-8FDC-42A3-9474-1A3956D46DE8}") = "Fallback", "Fallback", "{E304F441-9C86-46BB-8941-E34E73A58FCA}"
EndProject
Project("{FAE04EC0-301F-11D3-BF4B-00C04F79EFBC}") = "Fallback", "Fallback\Fallback.csproj", "{3ED25944-A4DA-44F9-9639-5D9D0793AAAA}"
EndProject
Global
	GlobalSection(SolutionConfigurationPlatforms) = preSolution
		Debug|Any CPU = Debug|Any CPU
		Release|Any CPU = Release|Any CPU
	EndGlobalSection
	GlobalSection(ProjectConfigurationPlatforms) = postSolution
		{C04A7FC4-0F1B-4DFA-9FD0-1A6DD46C6B69}.Debug|Any CPU.ActiveCfg = Debug|Any CPU
		{C04A7FC4-0F1B-4DFA-9FD0-1A6DD46C6B69}.Debug|Any CPU.Build.0 = Debug|Any CPU
		{C04A7FC4-0F1B-4DFA-9FD0-1A6DD46C6B69}.Release|Any CPU.ActiveCfg = Release|Any CPU
		{C04A7FC4-0F1B-4DFA-9FD0-1A6DD46C6B69}.Release|Any CPU.Build.0 = Release|Any CPU
		{33100034-CFB3-4686-AC41-A686E705544F}.Debug|Any CPU.ActiveCfg = Debug|Any CPU
		{33100034-CFB3-4686-AC41-A686E705544F}.Debug|Any CPU.Build.0 = Debug|Any CPU
		{33100034-CFB3-4686-AC41-A686E705544F}.Release|Any CPU.ActiveCfg = Release|Any CPU
		{33100034-CFB3-4686-AC41-A686E705544F}.Release|Any CPU.Build.0 = Release|Any CPU
		{6301E218-FF46-4E0B-82E0-8510E5753B07}.Debug|Any CPU.ActiveCfg = Debug|Any CPU
		{6301E218-FF46-4E0B-82E0-8510E5753B07}.Debug|Any CPU.Build.0 = Debug|Any CPU
		{6301E218-FF46-4E0B-82E0-8510E5753B07}.Release|Any CPU.ActiveCfg = Release|Any CPU
		{6301E218-FF46-4E0B-82E0-8510E5753B07}.Release|Any CPU.Build.0 = Release|Any CPU
		{6BFB0DCD-4EA9-4FB0-96AB-14DDDBCD8FF2}.Debug|Any CPU.ActiveCfg = Debug|Any CPU
		{6BFB0DCD-4EA9-4FB0-96AB-14DDDBCD8FF2}.Debug|Any CPU.Build.0 = Debug|Any CPU
		{6BFB0DCD-4EA9-4FB0-96AB-14DDDBCD8FF2}.Release|Any CPU.ActiveCfg = Release|Any CPU
		{6BFB0DCD-4EA9-4FB0-96AB-14DDDBCD8FF2}.Release|Any CPU.Build.0 = Release|Any CPU
		{C11AF861-B6FE-495F-934B-EC2A65043CBA}.Debug|Any CPU.ActiveCfg = Debug|Any CPU
		{C11AF861-B6FE-495F-934B-EC2A65043CBA}.Debug|Any CPU.Build.0 = Debug|Any CPU
		{C11AF861-B6FE-495F-934B-EC2A65043CBA}.Release|Any CPU.ActiveCfg = Release|Any CPU
		{C11AF861-B6FE-495F-934B-EC2A65043CBA}.Release|Any CPU.Build.0 = Release|Any CPU
		{34F53638-3446-4AB6-85BC-1D09CD646215}.Debug|Any CPU.ActiveCfg = Debug|Any CPU
		{34F53638-3446-4AB6-85BC-1D09CD646215}.Debug|Any CPU.Build.0 = Debug|Any CPU
		{34F53638-3446-4AB6-85BC-1D09CD646215}.Release|Any CPU.ActiveCfg = Release|Any CPU
		{34F53638-3446-4AB6-85BC-1D09CD646215}.Release|Any CPU.Build.0 = Release|Any CPU
		{3ED25944-A4DA-44F9-9639-5D9D0793AAAA}.Debug|Any CPU.ActiveCfg = Debug|Any CPU
		{3ED25944-A4DA-44F9-9639-5D9D0793AAAA}.Debug|Any CPU.Build.0 = Debug|Any CPU
		{3ED25944-A4DA-44F9-9639-5D9D0793AAAA}.Release|Any CPU.ActiveCfg = Release|Any CPU
		{3ED25944-A4DA-44F9-9639-5D9D0793AAAA}.Release|Any CPU.Build.0 = Release|Any CPU
	EndGlobalSection
	GlobalSection(SolutionProperties) = preSolution
		HideSolutionNode = FALSE
	EndGlobalSection
	GlobalSection(NestedProjects) = preSolution
		{C04A7FC4-0F1B-4DFA-9FD0-1A6DD46C6B69} = {02EA681E-C7D8-13C7-8484-4AC65E1B71E8}
		{33100034-CFB3-4686-AC41-A686E705544F} = {F1FB133F-E8FD-4387-A611-AC1EEBD8E9BA}
		{6301E218-FF46-4E0B-82E0-8510E5753B07} = {19489AE2-12D3-4C0D-A300-7F8413BBE943}
		{6BFB0DCD-4EA9-4FB0-96AB-14DDDBCD8FF2} = {53761CEE-F69A-4DBA-AD4A-99CE05E79DB1}
		{C11AF861-B6FE-495F-934B-EC2A65043CBA} = {FF112EB5-6525-4F21-8EAC-1D8BBC0D34E3}
		{34F53638-3446-4AB6-85BC-1D09CD646215} = {4A4FFF51-3BE4-4435-A2E2-0D27E03811FF}
		{3ED25944-A4DA-44F9-9639-5D9D0793AAAA} = {E304F441-9C86-46BB-8941-E34E73A58FCA}
	EndGlobalSection
	GlobalSection(ExtensibilityGlobals) = postSolution
		SolutionGuid = {66386063-2555-49C3-95D2-77EB9E55E0A5}
	EndGlobalSection
EndGlobal
